
Microsoft Visual Studio Solution File, Format Version 12.00
# Visual Studio 2013
Project("{FAE04EC0-301F-11D3-BF4B-00C04F79EFBC}") = "3D Balance Ball.CSharp", "3D Balance Ball.CSharp.csproj", "{68A2C4DF-96CA-4230-664E-068513943B76}"
EndProject
Global
	GlobalSection(SolutionConfigurationPlatforms) = preSolution
		Debug|Any CPU = Debug|Any CPU
		Release|Any CPU = Release|Any CPU
	EndGlobalSection
	GlobalSection(ProjectConfigurationPlatforms) = postSolution
		{68A2C4DF-96CA-4230-664E-068513943B76}.Debug|Any CPU.ActiveCfg = Debug|Any CPU
		{68A2C4DF-96CA-4230-664E-068513943B76}.Debug|Any CPU.Build.0 = Debug|Any CPU
		{68A2C4DF-96CA-4230-664E-068513943B76}.Release|Any CPU.ActiveCfg = Release|Any CPU
		{68A2C4DF-96CA-4230-664E-068513943B76}.Release|Any CPU.Build.0 = Release|Any CPU
	EndGlobalSection
	GlobalSection(SolutionProperties) = preSolution
		HideSolutionNode = FALSE
	EndGlobalSection
EndGlobal
